
Microsoft Visual Studio Solution File, Format Version 12.00
# Visual Studio 14
VisualStudioVersion = 14.0.25420.1
MinimumVisualStudioVersion = 10.0.40219.1
Project("{8BC9CEB8-8B4A-11D0-8D11-00A0C91BC942}") = "RecursiveFunction", "RecursiveFunction\RecursiveFunction.vcxproj", "{0BB9CE36-131A-410B-AAC4-ECA6BF184569}"
EndProject
Project("{8BC9CEB8-8B4A-11D0-8D11-00A0C91BC942}") = "OverloadedFunction", "OverloadedFunction\OverloadedFunction.vcxproj", "{E58DAE7D-409E-484F-891E-E2560FED995C}"
EndProject
Project("{8BC9CEB8-8B4A-11D0-8D11-00A0C91BC942}") = "ArrayAsParameterToFunction", "ArrayAsParameterToFunction\ArrayAsParameterToFunction.vcxproj", "{306B0532-5C95-4F73-B40F-13F434EAF3DB}"
EndProject
Project("{8BC9CEB8-8B4A-11D0-8D11-00A0C91BC942}") = "PassingArgumentsByReference", "PassingArgumentsByReference\PassingArgumentsByReference.vcxproj", "{C5413427-9D6E-49B9-87D6-1BF9A9939594}"
EndProject
Project("{2150E333-8FDC-42A3-9474-1A3956D46DE8}") = "Solution Items", "Solution Items", "{1DE1ABB0-1604-4C85-8668-723B3E768206}"
	ProjectSection(SolutionItems) = preProject
		HowFunctionCalls.txt = HowFunctionCalls.txt
		Major C++ Keywords.txt = Major C++ Keywords.txt
	EndProjectSection
EndProject
Project("{8BC9CEB8-8B4A-11D0-8D11-00A0C91BC942}") = "InlineFunctions", "InlineFunctions\InlineFunctions.vcxproj", "{BE066D15-EBBC-4B0D-AC6D-7DE63583083D}"
EndProject
Project("{8BC9CEB8-8B4A-11D0-8D11-00A0C91BC942}") = "Variables", "Variables\Variables.vcxproj", "{F9118012-676F-4CDE-A6F8-A05F0F310B5C}"
EndProject
Project("{8BC9CEB8-8B4A-11D0-8D11-00A0C91BC942}") = "DynamicArrays", "DynamicArrays\DynamicArrays.vcxproj", "{EA6BB3A6-9C6A-484B-A7CD-BD63051A3B2A}"
EndProject
Project("{8BC9CEB8-8B4A-11D0-8D11-00A0C91BC942}") = "strings", "strings\strings.vcxproj", "{5FDA1170-8401-4E46-AECB-C364B27F299E}"
EndProject
Project("{8BC9CEB8-8B4A-11D0-8D11-00A0C91BC942}") = "bitwise", "bitwise\bitwise.vcxproj", "{FD17E902-5AF1-47E9-9006-75AB700BD2EE}"
EndProject
Global
	GlobalSection(SolutionConfigurationPlatforms) = preSolution
		Debug|x64 = Debug|x64
		Debug|x86 = Debug|x86
		Release|x64 = Release|x64
		Release|x86 = Release|x86
	EndGlobalSection
	GlobalSection(ProjectConfigurationPlatforms) = postSolution
		{0BB9CE36-131A-410B-AAC4-ECA6BF184569}.Debug|x64.ActiveCfg = Debug|x64
		{0BB9CE36-131A-410B-AAC4-ECA6BF184569}.Debug|x64.Build.0 = Debug|x64
		{0BB9CE36-131A-410B-AAC4-ECA6BF184569}.Debug|x86.ActiveCfg = Debug|Win32
		{0BB9CE36-131A-410B-AAC4-ECA6BF184569}.Debug|x86.Build.0 = Debug|Win32
		{0BB9CE36-131A-410B-AAC4-ECA6BF184569}.Release|x64.ActiveCfg = Release|x64
		{0BB9CE36-131A-410B-AAC4-ECA6BF184569}.Release|x64.Build.0 = Release|x64
		{0BB9CE36-131A-410B-AAC4-ECA6BF184569}.Release|x86.ActiveCfg = Release|Win32
		{0BB9CE36-131A-410B-AAC4-ECA6BF184569}.Release|x86.Build.0 = Release|Win32
		{E58DAE7D-409E-484F-891E-E2560FED995C}.Debug|x64.ActiveCfg = Debug|x64
		{E58DAE7D-409E-484F-891E-E2560FED995C}.Debug|x64.Build.0 = Debug|x64
		{E58DAE7D-409E-484F-891E-E2560FED995C}.Debug|x86.ActiveCfg = Debug|Win32
		{E58DAE7D-409E-484F-891E-E2560FED995C}.Debug|x86.Build.0 = Debug|Win32
		{E58DAE7D-409E-484F-891E-E2560FED995C}.Release|x64.ActiveCfg = Release|x64
		{E58DAE7D-409E-484F-891E-E2560FED995C}.Release|x64.Build.0 = Release|x64
		{E58DAE7D-409E-484F-891E-E2560FED995C}.Release|x86.ActiveCfg = Release|Win32
		{E58DAE7D-409E-484F-891E-E2560FED995C}.Release|x86.Build.0 = Release|Win32
		{306B0532-5C95-4F73-B40F-13F434EAF3DB}.Debug|x64.ActiveCfg = Debug|x64
		{306B0532-5C95-4F73-B40F-13F434EAF3DB}.Debug|x64.Build.0 = Debug|x64
		{306B0532-5C95-4F73-B40F-13F434EAF3DB}.Debug|x86.ActiveCfg = Debug|Win32
		{306B0532-5C95-4F73-B40F-13F434EAF3DB}.Debug|x86.Build.0 = Debug|Win32
		{306B0532-5C95-4F73-B40F-13F434EAF3DB}.Release|x64.ActiveCfg = Release|x64
		{306B0532-5C95-4F73-B40F-13F434EAF3DB}.Release|x64.Build.0 = Release|x64
		{306B0532-5C95-4F73-B40F-13F434EAF3DB}.Release|x86.ActiveCfg = Release|Win32
		{306B0532-5C95-4F73-B40F-13F434EAF3DB}.Release|x86.Build.0 = Release|Win32
		{C5413427-9D6E-49B9-87D6-1BF9A9939594}.Debug|x64.ActiveCfg = Debug|x64
		{C5413427-9D6E-49B9-87D6-1BF9A9939594}.Debug|x64.Build.0 = Debug|x64
		{C5413427-9D6E-49B9-87D6-1BF9A9939594}.Debug|x86.ActiveCfg = Debug|Win32
		{C5413427-9D6E-49B9-87D6-1BF9A9939594}.Debug|x86.Build.0 = Debug|Win32
		{C5413427-9D6E-49B9-87D6-1BF9A9939594}.Release|x64.ActiveCfg = Release|x64
		{C5413427-9D6E-49B9-87D6-1BF9A9939594}.Release|x64.Build.0 = Release|x64
		{C5413427-9D6E-49B9-87D6-1BF9A9939594}.Release|x86.ActiveCfg = Release|Win32
		{C5413427-9D6E-49B9-87D6-1BF9A9939594}.Release|x86.Build.0 = Release|Win32
		{BE066D15-EBBC-4B0D-AC6D-7DE63583083D}.Debug|x64.ActiveCfg = Debug|x64
		{BE066D15-EBBC-4B0D-AC6D-7DE63583083D}.Debug|x64.Build.0 = Debug|x64
		{BE066D15-EBBC-4B0D-AC6D-7DE63583083D}.Debug|x86.ActiveCfg = Debug|Win32
		{BE066D15-EBBC-4B0D-AC6D-7DE63583083D}.Debug|x86.Build.0 = Debug|Win32
		{BE066D15-EBBC-4B0D-AC6D-7DE63583083D}.Release|x64.ActiveCfg = Release|x64
		{BE066D15-EBBC-4B0D-AC6D-7DE63583083D}.Release|x64.Build.0 = Release|x64
		{BE066D15-EBBC-4B0D-AC6D-7DE63583083D}.Release|x86.ActiveCfg = Release|Win32
		{BE066D15-EBBC-4B0D-AC6D-7DE63583083D}.Release|x86.Build.0 = Release|Win32
		{F9118012-676F-4CDE-A6F8-A05F0F310B5C}.Debug|x64.ActiveCfg = Debug|x64
		{F9118012-676F-4CDE-A6F8-A05F0F310B5C}.Debug|x64.Build.0 = Debug|x64
		{F9118012-676F-4CDE-A6F8-A05F0F310B5C}.Debug|x86.ActiveCfg = Debug|Win32
		{F9118012-676F-4CDE-A6F8-A05F0F310B5C}.Debug|x86.Build.0 = Debug|Win32
		{F9118012-676F-4CDE-A6F8-A05F0F310B5C}.Release|x64.ActiveCfg = Release|x64
		{F9118012-676F-4CDE-A6F8-A05F0F310B5C}.Release|x64.Build.0 = Release|x64
		{F9118012-676F-4CDE-A6F8-A05F0F310B5C}.Release|x86.ActiveCfg = Release|Win32
		{F9118012-676F-4CDE-A6F8-A05F0F310B5C}.Release|x86.Build.0 = Release|Win32
		{EA6BB3A6-9C6A-484B-A7CD-BD63051A3B2A}.Debug|x64.ActiveCfg = Debug|x64
		{EA6BB3A6-9C6A-484B-A7CD-BD63051A3B2A}.Debug|x64.Build.0 = Debug|x64
		{EA6BB3A6-9C6A-484B-A7CD-BD63051A3B2A}.Debug|x86.ActiveCfg = Debug|Win32
		{EA6BB3A6-9C6A-484B-A7CD-BD63051A3B2A}.Debug|x86.Build.0 = Debug|Win32
		{EA6BB3A6-9C6A-484B-A7CD-BD63051A3B2A}.Release|x64.ActiveCfg = Release|x64
		{EA6BB3A6-9C6A-484B-A7CD-BD63051A3B2A}.Release|x64.Build.0 = Release|x64
		{EA6BB3A6-9C6A-484B-A7CD-BD63051A3B2A}.Release|x86.ActiveCfg = Release|Win32
		{EA6BB3A6-9C6A-484B-A7CD-BD63051A3B2A}.Release|x86.Build.0 = Release|Win32
		{5FDA1170-8401-4E46-AECB-C364B27F299E}.Debug|x64.ActiveCfg = Debug|x64
		{5FDA1170-8401-4E46-AECB-C364B27F299E}.Debug|x64.Build.0 = Debug|x64
		{5FDA1170-8401-4E46-AECB-C364B27F299E}.Debug|x86.ActiveCfg = Debug|Win32
		{5FDA1170-8401-4E46-AECB-C364B27F299E}.Debug|x86.Build.0 = Debug|Win32
		{5FDA1170-8401-4E46-AECB-C364B27F299E}.Release|x64.ActiveCfg = Release|x64
		{5FDA1170-8401-4E46-AECB-C364B27F299E}.Release|x64.Build.0 = Release|x64
		{5FDA1170-8401-4E46-AECB-C364B27F299E}.Release|x86.ActiveCfg = Release|Win32
		{5FDA1170-8401-4E46-AECB-C364B27F299E}.Release|x86.Build.0 = Release|Win32
		{FD17E902-5AF1-47E9-9006-75AB700BD2EE}.Debug|x64.ActiveCfg = Debug|x64
		{FD17E902-5AF1-47E9-9006-75AB700BD2EE}.Debug|x64.Build.0 = Debug|x64
		{FD17E902-5AF1-47E9-9006-75AB700BD2EE}.Debug|x86.ActiveCfg = Debug|Win32
		{FD17E902-5AF1-47E9-9006-75AB700BD2EE}.Debug|x86.Build.0 = Debug|Win32
		{FD17E902-5AF1-47E9-9006-75AB700BD2EE}.Release|x64.ActiveCfg = Release|x64
		{FD17E902-5AF1-47E9-9006-75AB700BD2EE}.Release|x64.Build.0 = Release|x64
		{FD17E902-5AF1-47E9-9006-75AB700BD2EE}.Release|x86.ActiveCfg = Release|Win32
		{FD17E902-5AF1-47E9-9006-75AB700BD2EE}.Release|x86.Build.0 = Release|Win32
	EndGlobalSection
	GlobalSection(SolutionProperties) = preSolution
		HideSolutionNode = FALSE
	EndGlobalSection
EndGlobal
